// !$*UTF8*$!
{
	archiveVersion = 1;
	classes = {
	};
	objectVersion = 46;
	objects = {

/* Begin PBXBuildFile section */
		C2328DD114A1BB5E005923C2 /* UIKit.framework in Frameworks */ = {isa = PBXBuildFile; fileRef = C2328DD014A1BB5E005923C2 /* UIKit.framework */; };
		C2328DD314A1BB5E005923C2 /* Foundation.framework in Frameworks */ = {isa = PBXBuildFile; fileRef = C2328DD214A1BB5E005923C2 /* Foundation.framework */; };
		C2328DD514A1BB5E005923C2 /* CoreGraphics.framework in Frameworks */ = {isa = PBXBuildFile; fileRef = C2328DD414A1BB5E005923C2 /* CoreGraphics.framework */; };
		C2328DDB14A1BB5E005923C2 /* InfoPlist.strings in Resources */ = {isa = PBXBuildFile; fileRef = C2328DD914A1BB5E005923C2 /* InfoPlist.strings */; };
		C2328DDD14A1BB5E005923C2 /* main.m in Sources */ = {isa = PBXBuildFile; fileRef = C2328DDC14A1BB5E005923C2 /* main.m */; };
		C2328DE114A1BB5E005923C2 /* AppDelegate.m in Sources */ = {isa = PBXBuildFile; fileRef = C2328DE014A1BB5E005923C2 /* AppDelegate.m */; };
		C2328DE914A1BB6D005923C2 /* MainView.m in Sources */ = {isa = PBXBuildFile; fileRef = C2328DE814A1BB6D005923C2 /* MainView.m */; };
		C2328DEB14A1C191005923C2 /* fox.png in Resources */ = {isa = PBXBuildFile; fileRef = C2328DEA14A1C191005923C2 /* fox.png */; };
		C2328DF214A1C64D005923C2 /* Draggable.m in Sources */ = {isa = PBXBuildFile; fileRef = C2328DF114A1C64D005923C2 /* Draggable.m */; };
/* End PBXBuildFile section */

/* Begin PBXFileReference section */
		C2328DCC14A1BB5E005923C2 /* SquareMatcher.app */ = {isa = PBXFileReference; explicitFileType = wrapper.application; includeInIndex = 0; path = SquareMatcher.app; sourceTree = BUILT_PRODUCTS_DIR; };
		C2328DD014A1BB5E005923C2 /* UIKit.framework */ = {isa = PBXFileReference; lastKnownFileType = wrapper.framework; name = UIKit.framework; path = System/Library/Frameworks/UIKit.framework; sourceTree = SDKROOT; };
		C2328DD214A1BB5E005923C2 /* Foundation.framework */ = {isa = PBXFileReference; lastKnownFileType = wrapper.framework; name = Foundation.framework; path = System/Library/Frameworks/Foundation.framework; sourceTree = SDKROOT; };
		C2328DD414A1BB5E005923C2 /* CoreGraphics.framework */ = {isa = PBXFileReference; lastKnownFileType = wrapper.framework; name = CoreGraphics.framework; path = System/Library/Frameworks/CoreGraphics.framework; sourceTree = SDKROOT; };
		C2328DD814A1BB5E005923C2 /* SquareMatcher-Info.plist */ = {isa = PBXFileReference; lastKnownFileType = text.plist.xml; path = "SquareMatcher-Info.plist"; sourceTree = "<group>"; };
		C2328DDA14A1BB5E005923C2 /* en */ = {isa = PBXFileReference; lastKnownFileType = text.plist.strings; name = en; path = en.lproj/InfoPlist.strings; sourceTree = "<group>"; };
		C2328DDC14A1BB5E005923C2 /* main.m */ = {isa = PBXFileReference; lastKnownFileType = sourcecode.c.objc; path = main.m; sourceTree = "<group>"; };
		C2328DDE14A1BB5E005923C2 /* SquareMatcher-Prefix.pch */ = {isa = PBXFileReference; lastKnownFileType = sourcecode.c.h; path = "SquareMatcher-Prefix.pch"; sourceTree = "<group>"; };
		C2328DDF14A1BB5E005923C2 /* AppDelegate.h */ = {isa = PBXFileReference; lastKnownFileType = sourcecode.c.h; path = AppDelegate.h; sourceTree = "<group>"; };
		C2328DE014A1BB5E005923C2 /* AppDelegate.m */ = {isa = PBXFileReference; lastKnownFileType = sourcecode.c.objc; path = AppDelegate.m; sourceTree = "<group>"; };
		C2328DE714A1BB6D005923C2 /* MainView.h */ = {isa = PBXFileReference; fileEncoding = 4; lastKnownFileType = sourcecode.c.h; path = MainView.h; sourceTree = "<group>"; };
		C2328DE814A1BB6D005923C2 /* MainView.m */ = {isa = PBXFileReference; fileEncoding = 4; lastKnownFileType = sourcecode.c.objc; path = MainView.m; sourceTree = "<group>"; };
		C2328DEA14A1C191005923C2 /* fox.png */ = {isa = PBXFileReference; lastKnownFileType = image.png; path = fox.png; sourceTree = "<group>"; };
		C2328DF014A1C64D005923C2 /* Draggable.h */ = {isa = PBXFileReference; fileEncoding = 4; lastKnownFileType = sourcecode.c.h; path = Draggable.h; sourceTree = "<group>"; };
		C2328DF114A1C64D005923C2 /* Draggable.m */ = {isa = PBXFileReference; fileEncoding = 4; lastKnownFileType = sourcecode.c.objc; path = Draggable.m; sourceTree = "<group>"; };
/* End PBXFileReference section */

/* Begin PBXFrameworksBuildPhase section */
		C2328DC914A1BB5E005923C2 /* Frameworks */ = {
			isa = PBXFrameworksBuildPhase;
			buildActionMask = 2147483647;
			files = (
				C2328DD114A1BB5E005923C2 /* UIKit.framework in Frameworks */,
				C2328DD314A1BB5E005923C2 /* Foundation.framework in Frameworks */,
				C2328DD514A1BB5E005923C2 /* CoreGraphics.framework in Frameworks */,
			);
			runOnlyForDeploymentPostprocessing = 0;
		};
/* End PBXFrameworksBuildPhase section */

/* Begin PBXGroup section */
		C2328DC114A1BB5D005923C2 = {
			isa = PBXGroup;
			children = (
				C2328DD614A1BB5E005923C2 /* SquareMatcher */,
				C2328DCF14A1BB5E005923C2 /* Frameworks */,
				C2328DCD14A1BB5E005923C2 /* Products */,
			);
			sourceTree = "<group>";
		};
		C2328DCD14A1BB5E005923C2 /* Products */ = {
			isa = PBXGroup;
			children = (
				C2328DCC14A1BB5E005923C2 /* SquareMatcher.app */,
			);
			name = Products;
			sourceTree = "<group>";
		};
		C2328DCF14A1BB5E005923C2 /* Frameworks */ = {
			isa = PBXGroup;
			children = (
				C2328DD014A1BB5E005923C2 /* UIKit.framework */,
				C2328DD214A1BB5E005923C2 /* Foundation.framework */,
				C2328DD414A1BB5E005923C2 /* CoreGraphics.framework */,
			);
			name = Frameworks;
			sourceTree = "<group>";
		};
		C2328DD614A1BB5E005923C2 /* SquareMatcher */ = {
			isa = PBXGroup;
			children = (
				C2328DEA14A1C191005923C2 /* fox.png */,
				C2328DDF14A1BB5E005923C2 /* AppDelegate.h */,
				C2328DE014A1BB5E005923C2 /* AppDelegate.m */,
				C2328DD714A1BB5E005923C2 /* Supporting Files */,
				C2328DE714A1BB6D005923C2 /* MainView.h */,
				C2328DE814A1BB6D005923C2 /* MainView.m */,
				C2328DF014A1C64D005923C2 /* Draggable.h */,
				C2328DF114A1C64D005923C2 /* Draggable.m */,
			);
			path = SquareMatcher;
			sourceTree = "<group>";
		};
		C2328DD714A1BB5E005923C2 /* Supporting Files */ = {
			isa = PBXGroup;
			children = (
				C2328DD814A1BB5E005923C2 /* SquareMatcher-Info.plist */,
				C2328DD914A1BB5E005923C2 /* InfoPlist.strings */,
				C2328DDC14A1BB5E005923C2 /* main.m */,
				C2328DDE14A1BB5E005923C2 /* SquareMatcher-Prefix.pch */,
			);
			name = "Supporting Files";
			sourceTree = "<group>";
		};
/* End PBXGroup section */

/* Begin PBXNativeTarget section */
		C2328DCB14A1BB5E005923C2 /* SquareMatcher */ = {
			isa = PBXNativeTarget;
			buildConfigurationList = C2328DE414A1BB5E005923C2 /* Build configuration list for PBXNativeTarget "SquareMatcher" */;
			buildPhases = (
				C2328DC814A1BB5E005923C2 /* Sources */,
				C2328DC914A1BB5E005923C2 /* Frameworks */,
				C2328DCA14A1BB5E005923C2 /* Resources */,
			);
			buildRules = (
			);
			dependencies = (
			);
			name = SquareMatcher;
			productName = SquareMatcher;
			productReference = C2328DCC14A1BB5E005923C2 /* SquareMatcher.app */;
			productType = "com.apple.product-type.application";
		};
/* End PBXNativeTarget section */

/* Begin PBXProject section */
		C2328DC314A1BB5D005923C2 /* Project object */ = {
			isa = PBXProject;
			attributes = {
				LastUpgradeCheck = 0420;
			};
			buildConfigurationList = C2328DC614A1BB5D005923C2 /* Build configuration list for PBXProject "SquareMatcher" */;
			compatibilityVersion = "Xcode 3.2";
			developmentRegion = English;
			hasScannedForEncodings = 0;
			knownRegions = (
				en,
			);
			mainGroup = C2328DC114A1BB5D005923C2;
			productRefGroup = C2328DCD14A1BB5E005923C2 /* Products */;
			projectDirPath = "";
			projectRoot = "";
			targets = (
				C2328DCB14A1BB5E005923C2 /* SquareMatcher */,
			);
		};
/* End PBXProject section */

/* Begin PBXResourcesBuildPhase section */
		C2328DCA14A1BB5E005923C2 /* Resources */ = {
			isa = PBXResourcesBuildPhase;
			buildActionMask = 2147483647;
			files = (
				C2328DDB14A1BB5E005923C2 /* InfoPlist.strings in Resources */,
				C2328DEB14A1C191005923C2 /* fox.png in Resources */,
			);
			runOnlyForDeploymentPostprocessing = 0;
		};
/* End PBXResourcesBuildPhase section */

/* Begin PBXSourcesBuildPhase section */
		C2328DC814A1BB5E005923C2 /* Sources */ = {
			isa = PBXSourcesBuildPhase;
			buildActionMask = 2147483647;
			files = (
				C2328DDD14A1BB5E005923C2 /* main.m in Sources */,
				C2328DE114A1BB5E005923C2 /* AppDelegate.m in Sources */,
				C2328DE914A1BB6D005923C2 /* MainView.m in Sources */,
				C2328DF214A1C64D005923C2 /* Draggable.m in Sources */,
			);
			runOnlyForDeploymentPostprocessing = 0;
		};
/* End PBXSourcesBuildPhase section */

/* Begin PBXVariantGroup section */
		C2328DD914A1BB5E005923C2 /* InfoPlist.strings */ = {
			isa = PBXVariantGroup;
			children = (
				C2328DDA14A1BB5E005923C2 /* en */,
			);
			name = InfoPlist.strings;
			sourceTree = "<group>";
		};
/* End PBXVariantGroup section */

/* Begin XCBuildConfiguration section */
		C2328DE214A1BB5E005923C2 /* Debug */ = {
			isa = XCBuildConfiguration;
			buildSettings = {
				ALWAYS_SEARCH_USER_PATHS = NO;
				ARCHS = "$(ARCHS_STANDARD_32_BIT)";
				CLANG_ENABLE_OBJC_ARC = YES;
				"CODE_SIGN_IDENTITY[sdk=iphoneos*]" = "iPhone Developer";
				COPY_PHASE_STRIP = NO;
				GCC_C_LANGUAGE_STANDARD = gnu99;
				GCC_DYNAMIC_NO_PIC = NO;
				GCC_OPTIMIZATION_LEVEL = 0;
				GCC_PREPROCESSOR_DEFINITIONS = (
					"DEBUG=1",
					"$(inherited)",
				);
				GCC_SYMBOLS_PRIVATE_EXTERN = NO;
				GCC_VERSION = com.apple.compilers.llvm.clang.1_0;
				GCC_WARN_ABOUT_MISSING_PROTOTYPES = YES;
				GCC_WARN_ABOUT_RETURN_TYPE = YES;
				GCC_WARN_UNUSED_VARIABLE = YES;
				IPHONEOS_DEPLOYMENT_TARGET = 5.0;
				SDKROOT = iphoneos;
			};
			name = Debug;
		};
		C2328DE314A1BB5E005923C2 /* Release */ = {
			isa = XCBuildConfiguration;
			buildSettings = {
				ALWAYS_SEARCH_USER_PATHS = NO;
				ARCHS = "$(ARCHS_STANDARD_32_BIT)";
				CLANG_ENABLE_OBJC_ARC = YES;
				"CODE_SIGN_IDENTITY[sdk=iphoneos*]" = "iPhone Developer";
				COPY_PHASE_STRIP = YES;
				GCC_C_LANGUAGE_STANDARD = gnu99;
				GCC_VERSION = com.apple.compilers.llvm.clang.1_0;
				GCC_WARN_ABOUT_MISSING_PROTOTYPES = YES;
				GCC_WARN_ABOUT_RETURN_TYPE = YES;
				GCC_WARN_UNUSED_VARIABLE = YES;
				IPHONEOS_DEPLOYMENT_TARGET = 5.0;
				OTHER_CFLAGS = "-DNS_BLOCK_ASSERTIONS=1";
				SDKROOT = iphoneos;
				VALIDATE_PRODUCT = YES;
			};
			name = Release;
		};
		C2328DE514A1BB5E005923C2 /* Debug */ = {
			isa = XCBuildConfiguration;
			buildSettings = {
				GCC_PRECOMPILE_PREFIX_HEADER = YES;
				GCC_PREFIX_HEADER = "SquareMatcher/SquareMatcher-Prefix.pch";
				INFOPLIST_FILE = "SquareMatcher/SquareMatcher-Info.plist";
				PRODUCT_NAME = "$(TARGET_NAME)";
				WRAPPER_EXTENSION = app;
			};
			name = Debug;
		};
		C2328DE614A1BB5E005923C2 /* Release */ = {
			isa = XCBuildConfiguration;
			buildSettings = {
				GCC_PRECOMPILE_PREFIX_HEADER = YES;
				GCC_PREFIX_HEADER = "SquareMatcher/SquareMatcher-Prefix.pch";
				INFOPLIST_FILE = "SquareMatcher/SquareMatcher-Info.plist";
				PRODUCT_NAME = "$(TARGET_NAME)";
				WRAPPER_EXTENSION = app;
			};
			name = Release;
		};
/* End XCBuildConfiguration section */

/* Begin XCConfigurationList section */
		C2328DC614A1BB5D005923C2 /* Build configuration list for PBXProject "SquareMatcher" */ = {
			isa = XCConfigurationList;
			buildConfigurations = (
				C2328DE214A1BB5E005923C2 /* Debug */,
				C2328DE314A1BB5E005923C2 /* Release */,
			);
			defaultConfigurationIsVisible = 0;
			defaultConfigurationName = Release;
		};
		C2328DE414A1BB5E005923C2 /* Build configuration list for PBXNativeTarget "SquareMatcher" */ = {
			isa = XCConfigurationList;
			buildConfigurations = (
				C2328DE514A1BB5E005923C2 /* Debug */,
				C2328DE614A1BB5E005923C2 /* Release */,
			);
			defaultConfigurationIsVisible = 0;
		};
/* End XCConfigurationList section */
	};
	rootObject = C2328DC314A1BB5D005923C2 /* Project object */;
}
